
Microsoft Visual Studio Solution File, Format Version 11.00
# Visual Studio 2010
Project("{8BC9CEB8-8B4A-11D0-8D11-00A0C91BC942}") = "CUDA60_example_block_radix_sort", "vcxproj\CUDA60_example_block_radix_sort.vcxproj", "{4C91BDB6-F271-4EC9-B18E-4AA15DB41DBF}"
EndProject
Project("{8BC9CEB8-8B4A-11D0-8D11-00A0C91BC942}") = "CUDA60_example_block_reduce", "vcxproj\CUDA60_example_block_reduce.vcxproj", "{20E39AA0-25B4-4959-979B-80569405544E}"
EndProject
Project("{8BC9CEB8-8B4A-11D0-8D11-00A0C91BC942}") = "CUDA60_example_block_scan", "vcxproj\CUDA60_example_block_scan.vcxproj", "{5714D72B-9F2E-4499-AAFD-F0B1220F509E}"
EndProject
Global
	GlobalSection(SolutionConfigurationPlatforms) = preSolution
		Debug|Win32 = Debug|Win32
		Debug|x64 = Debug|x64
		Release|Win32 = Release|Win32
		Release|x64 = Release|x64
	EndGlobalSection
	GlobalSection(ProjectConfigurationPlatforms) = postSolution
		{4C91BDB6-F271-4EC9-B18E-4AA15DB41DBF}.Debug|Win32.ActiveCfg = Debug|Win32
		{4C91BDB6-F271-4EC9-B18E-4AA15DB41DBF}.Debug|Win32.Build.0 = Debug|Win32
		{4C91BDB6-F271-4EC9-B18E-4AA15DB41DBF}.Debug|x64.ActiveCfg = Debug|x64
		{4C91BDB6-F271-4EC9-B18E-4AA15DB41DBF}.Debug|x64.Build.0 = Debug|x64
		{4C91BDB6-F271-4EC9-B18E-4AA15DB41DBF}.Release|Win32.ActiveCfg = Release|Win32
		{4C91BDB6-F271-4EC9-B18E-4AA15DB41DBF}.Release|Win32.Build.0 = Release|Win32
		{4C91BDB6-F271-4EC9-B18E-4AA15DB41DBF}.Release|x64.ActiveCfg = Release|x64
		{4C91BDB6-F271-4EC9-B18E-4AA15DB41DBF}.Release|x64.Build.0 = Release|x64
		{20E39AA0-25B4-4959-979B-80569405544E}.Debug|Win32.ActiveCfg = Debug|Win32
		{20E39AA0-25B4-4959-979B-80569405544E}.Debug|Win32.Build.0 = Debug|Win32
		{20E39AA0-25B4-4959-979B-80569405544E}.Debug|x64.ActiveCfg = Debug|x64
		{20E39AA0-25B4-4959-979B-80569405544E}.Debug|x64.Build.0 = Debug|x64
		{20E39AA0-25B4-4959-979B-80569405544E}.Release|Win32.ActiveCfg = Release|Win32
		{20E39AA0-25B4-4959-979B-80569405544E}.Release|Win32.Build.0 = Release|Win32
		{20E39AA0-25B4-4959-979B-80569405544E}.Release|x64.ActiveCfg = Release|x64
		{20E39AA0-25B4-4959-979B-80569405544E}.Release|x64.Build.0 = Release|x64
		{5714D72B-9F2E-4499-AAFD-F0B1220F509E}.Debug|Win32.ActiveCfg = Debug|Win32
		{5714D72B-9F2E-4499-AAFD-F0B1220F509E}.Debug|Win32.Build.0 = Debug|Win32
		{5714D72B-9F2E-4499-AAFD-F0B1220F509E}.Debug|x64.ActiveCfg = Debug|x64
		{5714D72B-9F2E-4499-AAFD-F0B1220F509E}.Debug|x64.Build.0 = Debug|x64
		{5714D72B-9F2E-4499-AAFD-F0B1220F509E}.Release|Win32.ActiveCfg = Release|Win32
		{5714D72B-9F2E-4499-AAFD-F0B1220F509E}.Release|Win32.Build.0 = Release|Win32
		{5714D72B-9F2E-4499-AAFD-F0B1220F509E}.Release|x64.ActiveCfg = Release|x64
		{5714D72B-9F2E-4499-AAFD-F0B1220F509E}.Release|x64.Build.0 = Release|x64
	EndGlobalSection
	GlobalSection(SolutionProperties) = preSolution
		HideSolutionNode = FALSE
	EndGlobalSection
EndGlobal
